Microsoft Visual Studio Solution File, Format Version 8.00
Project("{FAE04EC0-301F-11D3-BF4B-00C04F79EFBC}") = "DrawTools", "DrawTools.csproj", "{81A153EA-0605-4433-B769-BADDB980A701}"
	ProjectSection(ProjectDependencies) = postProject
	EndProjectSection
EndProject
Global
	GlobalSection(SolutionConfiguration) = preSolution
		Debug = Debug
		Release = Release
	EndGlobalSection
	GlobalSection(ProjectConfiguration) = postSolution
		{81A153EA-0605-4433-B769-BADDB980A701}.Debug.ActiveCfg = Debug|.NET
		{81A153EA-0605-4433-B769-BADDB980A701}.Debug.Build.0 = Debug|.NET
		{81A153EA-0605-4433-B769-BADDB980A701}.Release.ActiveCfg = Release|.NET
		{81A153EA-0605-4433-B769-BADDB980A701}.Release.Build.0 = Release|.NET
	EndGlobalSection
	GlobalSection(ExtensibilityGlobals) = postSolution
	EndGlobalSection
	GlobalSection(ExtensibilityAddIns) = postSolution
	EndGlobalSection
EndGlobal
