
Microsoft Visual Studio Solution File, Format Version 12.00
# Visual Studio 15
VisualStudioVersion = 15.0.28307.168
MinimumVisualStudioVersion = 10.0.40219.1
Project("{FAE04EC0-301F-11D3-BF4B-00C04F79EFBC}") = "Crom.Controls", "Crom.Controls\Crom.Controls.csproj", "{F2999C1D-BED3-4D47-A8AC-8027334ECDC1}"
EndProject
Project("{FAE04EC0-301F-11D3-BF4B-00C04F79EFBC}") = "Draw", "Draw\Draw.csproj", "{3BAE9B81-85D2-4A4C-969B-D5D9DA5E1C6A}"
EndProject
Project("{FAE04EC0-301F-11D3-BF4B-00C04F79EFBC}") = "SVGLib", "SVGLib\SVGLib.csproj", "{43B7A044-2909-48C9-AD09-707709CDFE46}"
EndProject
Project("{FAE04EC0-301F-11D3-BF4B-00C04F79EFBC}") = "SVGArtiste", "SvgArtiste2\SVGArtiste.csproj", "{0B01557B-78FA-49D2-B288-285A5D84FCA7}"
EndProject
Project("{FAE04EC0-301F-11D3-BF4B-00C04F79EFBC}") = "Geometricamente_V1", "..\CShp_DataGridViewImagens\Geometricamente_V1.csproj", "{CA086315-B230-4587-8F57-C648A521145A}"
EndProject
Project("{FAE04EC0-301F-11D3-BF4B-00C04F79EFBC}") = "BD", "BD\BD.csproj", "{7EA66E03-1F9F-4859-9D32-1657C7E63DC1}"
EndProject
Global
	GlobalSection(SolutionConfigurationPlatforms) = preSolution
		Debug|Any CPU = Debug|Any CPU
		Debug|x86 = Debug|x86
		Release|Any CPU = Release|Any CPU
		Release|x86 = Release|x86
	EndGlobalSection
	GlobalSection(ProjectConfigurationPlatforms) = postSolution
		{F2999C1D-BED3-4D47-A8AC-8027334ECDC1}.Debug|Any CPU.ActiveCfg = Debug|Any CPU
		{F2999C1D-BED3-4D47-A8AC-8027334ECDC1}.Debug|Any CPU.Build.0 = Debug|Any CPU
		{F2999C1D-BED3-4D47-A8AC-8027334ECDC1}.Debug|x86.ActiveCfg = Debug|x86
		{F2999C1D-BED3-4D47-A8AC-8027334ECDC1}.Debug|x86.Build.0 = Debug|x86
		{F2999C1D-BED3-4D47-A8AC-8027334ECDC1}.Release|Any CPU.ActiveCfg = Release|Any CPU
		{F2999C1D-BED3-4D47-A8AC-8027334ECDC1}.Release|Any CPU.Build.0 = Release|Any CPU
		{F2999C1D-BED3-4D47-A8AC-8027334ECDC1}.Release|x86.ActiveCfg = Release|x86
		{F2999C1D-BED3-4D47-A8AC-8027334ECDC1}.Release|x86.Build.0 = Release|x86
		{3BAE9B81-85D2-4A4C-969B-D5D9DA5E1C6A}.Debug|Any CPU.ActiveCfg = Debug|Any CPU
		{3BAE9B81-85D2-4A4C-969B-D5D9DA5E1C6A}.Debug|Any CPU.Build.0 = Debug|Any CPU
		{3BAE9B81-85D2-4A4C-969B-D5D9DA5E1C6A}.Debug|x86.ActiveCfg = Debug|x86
		{3BAE9B81-85D2-4A4C-969B-D5D9DA5E1C6A}.Debug|x86.Build.0 = Debug|x86
		{3BAE9B81-85D2-4A4C-969B-D5D9DA5E1C6A}.Release|Any CPU.ActiveCfg = Release|Any CPU
		{3BAE9B81-85D2-4A4C-969B-D5D9DA5E1C6A}.Release|Any CPU.Build.0 = Release|Any CPU
		{3BAE9B81-85D2-4A4C-969B-D5D9DA5E1C6A}.Release|x86.ActiveCfg = Release|x86
		{3BAE9B81-85D2-4A4C-969B-D5D9DA5E1C6A}.Release|x86.Build.0 = Release|x86
		{43B7A044-2909-48C9-AD09-707709CDFE46}.Debug|Any CPU.ActiveCfg = Debug|Any CPU
		{43B7A044-2909-48C9-AD09-707709CDFE46}.Debug|Any CPU.Build.0 = Debug|Any CPU
		{43B7A044-2909-48C9-AD09-707709CDFE46}.Debug|x86.ActiveCfg = Debug|x86
		{43B7A044-2909-48C9-AD09-707709CDFE46}.Debug|x86.Build.0 = Debug|x86
		{43B7A044-2909-48C9-AD09-707709CDFE46}.Release|Any CPU.ActiveCfg = Release|Any CPU
		{43B7A044-2909-48C9-AD09-707709CDFE46}.Release|Any CPU.Build.0 = Release|Any CPU
		{43B7A044-2909-48C9-AD09-707709CDFE46}.Release|x86.ActiveCfg = Release|x86
		{43B7A044-2909-48C9-AD09-707709CDFE46}.Release|x86.Build.0 = Release|x86
		{0B01557B-78FA-49D2-B288-285A5D84FCA7}.Debug|Any CPU.ActiveCfg = Debug|Any CPU
		{0B01557B-78FA-49D2-B288-285A5D84FCA7}.Debug|Any CPU.Build.0 = Debug|Any CPU
		{0B01557B-78FA-49D2-B288-285A5D84FCA7}.Debug|x86.ActiveCfg = Debug|x86
		{0B01557B-78FA-49D2-B288-285A5D84FCA7}.Debug|x86.Build.0 = Debug|x86
		{0B01557B-78FA-49D2-B288-285A5D84FCA7}.Release|Any CPU.ActiveCfg = Release|Any CPU
		{0B01557B-78FA-49D2-B288-285A5D84FCA7}.Release|Any CPU.Build.0 = Release|Any CPU
		{0B01557B-78FA-49D2-B288-285A5D84FCA7}.Release|x86.ActiveCfg = Release|x86
		{0B01557B-78FA-49D2-B288-285A5D84FCA7}.Release|x86.Build.0 = Release|x86
		{CA086315-B230-4587-8F57-C648A521145A}.Debug|Any CPU.ActiveCfg = Debug|Any CPU
		{CA086315-B230-4587-8F57-C648A521145A}.Debug|Any CPU.Build.0 = Debug|Any CPU
		{CA086315-B230-4587-8F57-C648A521145A}.Debug|x86.ActiveCfg = Debug|x86
		{CA086315-B230-4587-8F57-C648A521145A}.Debug|x86.Build.0 = Debug|x86
		{CA086315-B230-4587-8F57-C648A521145A}.Release|Any CPU.ActiveCfg = Release|Any CPU
		{CA086315-B230-4587-8F57-C648A521145A}.Release|Any CPU.Build.0 = Release|Any CPU
		{CA086315-B230-4587-8F57-C648A521145A}.Release|x86.ActiveCfg = Release|x86
		{CA086315-B230-4587-8F57-C648A521145A}.Release|x86.Build.0 = Release|x86
		{7EA66E03-1F9F-4859-9D32-1657C7E63DC1}.Debug|Any CPU.ActiveCfg = Debug|Any CPU
		{7EA66E03-1F9F-4859-9D32-1657C7E63DC1}.Debug|Any CPU.Build.0 = Debug|Any CPU
		{7EA66E03-1F9F-4859-9D32-1657C7E63DC1}.Debug|x86.ActiveCfg = Debug|Any CPU
		{7EA66E03-1F9F-4859-9D32-1657C7E63DC1}.Debug|x86.Build.0 = Debug|Any CPU
		{7EA66E03-1F9F-4859-9D32-1657C7E63DC1}.Release|Any CPU.ActiveCfg = Release|Any CPU
		{7EA66E03-1F9F-4859-9D32-1657C7E63DC1}.Release|Any CPU.Build.0 = Release|Any CPU
		{7EA66E03-1F9F-4859-9D32-1657C7E63DC1}.Release|x86.ActiveCfg = Release|Any CPU
		{7EA66E03-1F9F-4859-9D32-1657C7E63DC1}.Release|x86.Build.0 = Release|Any CPU
	EndGlobalSection
	GlobalSection(SolutionProperties) = preSolution
		HideSolutionNode = FALSE
	EndGlobalSection
	GlobalSection(ExtensibilityGlobals) = postSolution
		SolutionGuid = {087D134F-0EEC-4C24-BE42-D4CBDE7DC233}
	EndGlobalSection
EndGlobal
